// !$*UTF8*$!
{
	archiveVersion = 1;
	classes = {
	};
	objectVersion = 55;
	objects = {

/* Begin PBXBuildFile section */
		68BF674527F723A300A451C3 /* AppDelegate.swift in Sources */ = {isa = PBXBuildFile; fileRef = 68BF674427F723A300A451C3 /* AppDelegate.swift */; };
		68BF674727F723A300A451C3 /* SceneDelegate.swift in Sources */ = {isa = PBXBuildFile; fileRef = 68BF674627F723A300A451C3 /* SceneDelegate.swift */; };
		68BF674927F723A300A451C3 /* ViewController.swift in Sources */ = {isa = PBXBuildFile; fileRef = 68BF674827F723A300A451C3 /* ViewController.swift */; };
		68BF674C27F723A300A451C3 /* Main.storyboard in Resources */ = {isa = PBXBuildFile; fileRef = 68BF674A27F723A300A451C3 /* Main.storyboard */; };
		68BF674E27F723A400A451C3 /* Assets.xcassets in Resources */ = {isa = PBXBuildFile; fileRef = 68BF674D27F723A400A451C3 /* Assets.xcassets */; };
		68BF675127F723A400A451C3 /* LaunchScreen.storyboard in Resources */ = {isa = PBXBuildFile; fileRef = 68BF674F27F723A400A451C3 /* LaunchScreen.storyboard */; };
		68BF675C27F723A400A451C3 /* NewsAppTests.swift in Sources */ = {isa = PBXBuildFile; fileRef = 68BF675B27F723A400A451C3 /* NewsAppTests.swift */; };
		68BF676627F723A400A451C3 /* NewsAppUITests.swift in Sources */ = {isa = PBXBuildFile; fileRef = 68BF676527F723A400A451C3 /* NewsAppUITests.swift */; };
		68BF676827F723A400A451C3 /* NewsAppUITestsLaunchTests.swift in Sources */ = {isa = PBXBuildFile; fileRef = 68BF676727F723A400A451C3 /* NewsAppUITestsLaunchTests.swift */; };
		68BF677527F72EFB00A451C3 /* LoginViewController.swift in Sources */ = {isa = PBXBuildFile; fileRef = 68BF677427F72EFB00A451C3 /* LoginViewController.swift */; };
		68BF677727F745D500A451C3 /* SignUpViewController.swift in Sources */ = {isa = PBXBuildFile; fileRef = 68BF677627F745D500A451C3 /* SignUpViewController.swift */; };
		68BF677B27F75BAC00A451C3 /* RssViewController.swift in Sources */ = {isa = PBXBuildFile; fileRef = 68BF677A27F75BAC00A451C3 /* RssViewController.swift */; };
		68BF677D27F762D400A451C3 /* ListViewController.swift in Sources */ = {isa = PBXBuildFile; fileRef = 68BF677C27F762D400A451C3 /* ListViewController.swift */; };
/* End PBXBuildFile section */

/* Begin PBXContainerItemProxy section */
		68BF675827F723A400A451C3 /* PBXContainerItemProxy */ = {
			isa = PBXContainerItemProxy;
			containerPortal = 68BF673927F723A300A451C3 /* Project object */;
			proxyType = 1;
			remoteGlobalIDString = 68BF674027F723A300A451C3;
			remoteInfo = NewsApp;
		};
		68BF676227F723A400A451C3 /* PBXContainerItemProxy */ = {
			isa = PBXContainerItemProxy;
			containerPortal = 68BF673927F723A300A451C3 /* Project object */;
			proxyType = 1;
			remoteGlobalIDString = 68BF674027F723A300A451C3;
			remoteInfo = NewsApp;
		};
/* End PBXContainerItemProxy section */

/* Begin PBXFileReference section */
		68BF674127F723A300A451C3 /* NewsApp.app */ = {isa = PBXFileReference; explicitFileType = wrapper.application; includeInIndex = 0; path = NewsApp.app; sourceTree = BUILT_PRODUCTS_DIR; };
		68BF674427F723A300A451C3 /* AppDelegate.swift */ = {isa = PBXFileReference; lastKnownFileType = sourcecode.swift; path = AppDelegate.swift; sourceTree = "<group>"; };
		68BF674627F723A300A451C3 /* SceneDelegate.swift */ = {isa = PBXFileReference; lastKnownFileType = sourcecode.swift; path = SceneDelegate.swift; sourceTree = "<group>"; };
		68BF674827F723A300A451C3 /* ViewController.swift */ = {isa = PBXFileReference; lastKnownFileType = sourcecode.swift; path = ViewController.swift; sourceTree = "<group>"; };
		68BF674B27F723A300A451C3 /* Base */ = {isa = PBXFileReference; lastKnownFileType = file.storyboard; name = Base; path = Base.lproj/Main.storyboard; sourceTree = "<group>"; };
		68BF674D27F723A400A451C3 /* Assets.xcassets */ = {isa = PBXFileReference; lastKnownFileType = folder.assetcatalog; path = Assets.xcassets; sourceTree = "<group>"; };
		68BF675027F723A400A451C3 /* Base */ = {isa = PBXFileReference; lastKnownFileType = file.storyboard; name = Base; path = Base.lproj/LaunchScreen.storyboard; sourceTree = "<group>"; };
		68BF675227F723A400A451C3 /* Info.plist */ = {isa = PBXFileReference; lastKnownFileType = text.plist.xml; path = Info.plist; sourceTree = "<group>"; };
		68BF675727F723A400A451C3 /* NewsAppTests.xctest */ = {isa = PBXFileReference; explicitFileType = wrapper.cfbundle; includeInIndex = 0; path = NewsAppTests.xctest; sourceTree = BUILT_PRODUCTS_DIR; };
		68BF675B27F723A400A451C3 /* NewsAppTests.swift */ = {isa = PBXFileReference; lastKnownFileType = sourcecode.swift; path = NewsAppTests.swift; sourceTree = "<group>"; };
		68BF676127F723A400A451C3 /* NewsAppUITests.xctest */ = {isa = PBXFileReference; explicitFileType = wrapper.cfbundle; includeInIndex = 0; path = NewsAppUITests.xctest; sourceTree = BUILT_PRODUCTS_DIR; };
		68BF676527F723A400A451C3 /* NewsAppUITests.swift */ = {isa = PBXFileReference; lastKnownFileType = sourcecode.swift; path = NewsAppUITests.swift; sourceTree = "<group>"; };
		68BF676727F723A400A451C3 /* NewsAppUITestsLaunchTests.swift */ = {isa = PBXFileReference; lastKnownFileType = sourcecode.swift; path = NewsAppUITestsLaunchTests.swift; sourceTree = "<group>"; };
		68BF677427F72EFB00A451C3 /* LoginViewController.swift */ = {isa = PBXFileReference; lastKnownFileType = sourcecode.swift; path = LoginViewController.swift; sourceTree = "<group>"; };
		68BF677627F745D500A451C3 /* SignUpViewController.swift */ = {isa = PBXFileReference; lastKnownFileType = sourcecode.swift; path = SignUpViewController.swift; sourceTree = "<group>"; };
		68BF677A27F75BAC00A451C3 /* RssViewController.swift */ = {isa = PBXFileReference; lastKnownFileType = sourcecode.swift; path = RssViewController.swift; sourceTree = "<group>"; };
		68BF677C27F762D400A451C3 /* ListViewController.swift */ = {isa = PBXFileReference; lastKnownFileType = sourcecode.swift; path = ListViewController.swift; sourceTree = "<group>"; };
/* End PBXFileReference section */

/* Begin PBXFrameworksBuildPhase section */
		68BF673E27F723A300A451C3 /* Frameworks */ = {
			isa = PBXFrameworksBuildPhase;
			buildActionMask = 2147483647;
			files = (
			);
			runOnlyForDeploymentPostprocessing = 0;
		};
		68BF675427F723A400A451C3 /* Frameworks */ = {
			isa = PBXFrameworksBuildPhase;
			buildActionMask = 2147483647;
			files = (
			);
			runOnlyForDeploymentPostprocessing = 0;
		};
		68BF675E27F723A400A451C3 /* Frameworks */ = {
			isa = PBXFrameworksBuildPhase;
			buildActionMask = 2147483647;
			files = (
			);
			runOnlyForDeploymentPostprocessing = 0;
		};
/* End PBXFrameworksBuildPhase section */

/* Begin PBXGroup section */
		68BF673827F723A300A451C3 = {
			isa = PBXGroup;
			children = (
				68BF674327F723A300A451C3 /* NewsApp */,
				68BF675A27F723A400A451C3 /* NewsAppTests */,
				68BF676427F723A400A451C3 /* NewsAppUITests */,
				68BF674227F723A300A451C3 /* Products */,
			);
			sourceTree = "<group>";
		};
		68BF674227F723A300A451C3 /* Products */ = {
			isa = PBXGroup;
			children = (
				68BF674127F723A300A451C3 /* NewsApp.app */,
				68BF675727F723A400A451C3 /* NewsAppTests.xctest */,
				68BF676127F723A400A451C3 /* NewsAppUITests.xctest */,
			);
			name = Products;
			sourceTree = "<group>";
		};
		68BF674327F723A300A451C3 /* NewsApp */ = {
			isa = PBXGroup;
			children = (
				68BF674427F723A300A451C3 /* AppDelegate.swift */,
				68BF674627F723A300A451C3 /* SceneDelegate.swift */,
				68BF674827F723A300A451C3 /* ViewController.swift */,
				68BF677427F72EFB00A451C3 /* LoginViewController.swift */,
				68BF677627F745D500A451C3 /* SignUpViewController.swift */,
				68BF677A27F75BAC00A451C3 /* RssViewController.swift */,
				68BF677C27F762D400A451C3 /* ListViewController.swift */,
				68BF674A27F723A300A451C3 /* Main.storyboard */,
				68BF674D27F723A400A451C3 /* Assets.xcassets */,
				68BF674F27F723A400A451C3 /* LaunchScreen.storyboard */,
				68BF675227F723A400A451C3 /* Info.plist */,
			);
			path = NewsApp;
			sourceTree = "<group>";
		};
		68BF675A27F723A400A451C3 /* NewsAppTests */ = {
			isa = PBXGroup;
			children = (
				68BF675B27F723A400A451C3 /* NewsAppTests.swift */,
			);
			path = NewsAppTests;
			sourceTree = "<group>";
		};
		68BF676427F723A400A451C3 /* NewsAppUITests */ = {
			isa = PBXGroup;
			children = (
				68BF676527F723A400A451C3 /* NewsAppUITests.swift */,
				68BF676727F723A400A451C3 /* NewsAppUITestsLaunchTests.swift */,
			);
			path = NewsAppUITests;
			sourceTree = "<group>";
		};
/* End PBXGroup section */

/* Begin PBXNativeTarget section */
		68BF674027F723A300A451C3 /* NewsApp */ = {
			isa = PBXNativeTarget;
			buildConfigurationList = 68BF676B27F723A400A451C3 /* Build configuration list for PBXNativeTarget "NewsApp" */;
			buildPhases = (
				68BF673D27F723A300A451C3 /* Sources */,
				68BF673E27F723A300A451C3 /* Frameworks */,
				68BF673F27F723A300A451C3 /* Resources */,
			);
			buildRules = (
			);
			dependencies = (
			);
			name = NewsApp;
			productName = NewsApp;
			productReference = 68BF674127F723A300A451C3 /* NewsApp.app */;
			productType = "com.apple.product-type.application";
		};
		68BF675627F723A400A451C3 /* NewsAppTests */ = {
			isa = PBXNativeTarget;
			buildConfigurationList = 68BF676E27F723A400A451C3 /* Build configuration list for PBXNativeTarget "NewsAppTests" */;
			buildPhases = (
				68BF675327F723A400A451C3 /* Sources */,
				68BF675427F723A400A451C3 /* Frameworks */,
				68BF675527F723A400A451C3 /* Resources */,
			);
			buildRules = (
			);
			dependencies = (
				68BF675927F723A400A451C3 /* PBXTargetDependency */,
			);
			name = NewsAppTests;
			productName = NewsAppTests;
			productReference = 68BF675727F723A400A451C3 /* NewsAppTests.xctest */;
			productType = "com.apple.product-type.bundle.unit-test";
		};
		68BF676027F723A400A451C3 /* NewsAppUITests */ = {
			isa = PBXNativeTarget;
			buildConfigurationList = 68BF677127F723A400A451C3 /* Build configuration list for PBXNativeTarget "NewsAppUITests" */;
			buildPhases = (
				68BF675D27F723A400A451C3 /* Sources */,
				68BF675E27F723A400A451C3 /* Frameworks */,
				68BF675F27F723A400A451C3 /* Resources */,
			);
			buildRules = (
			);
			dependencies = (
				68BF676327F723A400A451C3 /* PBXTargetDependency */,
			);
			name = NewsAppUITests;
			productName = NewsAppUITests;
			productReference = 68BF676127F723A400A451C3 /* NewsAppUITests.xctest */;
			productType = "com.apple.product-type.bundle.ui-testing";
		};
/* End PBXNativeTarget section */

/* Begin PBXProject section */
		68BF673927F723A300A451C3 /* Project object */ = {
			isa = PBXProject;
			attributes = {
				BuildIndependentTargetsInParallel = 1;
				LastSwiftUpdateCheck = 1320;
				LastUpgradeCheck = 1320;
				TargetAttributes = {
					68BF674027F723A300A451C3 = {
						CreatedOnToolsVersion = 13.2.1;
					};
					68BF675627F723A400A451C3 = {
						CreatedOnToolsVersion = 13.2.1;
						TestTargetID = 68BF674027F723A300A451C3;
					};
					68BF676027F723A400A451C3 = {
						CreatedOnToolsVersion = 13.2.1;
						TestTargetID = 68BF674027F723A300A451C3;
					};
				};
			};
			buildConfigurationList = 68BF673C27F723A300A451C3 /* Build configuration list for PBXProject "NewsApp" */;
			compatibilityVersion = "Xcode 13.0";
			developmentRegion = en;
			hasScannedForEncodings = 0;
			knownRegions = (
				en,
				Base,
			);
			mainGroup = 68BF673827F723A300A451C3;
			productRefGroup = 68BF674227F723A300A451C3 /* Products */;
			projectDirPath = "";
			projectRoot = "";
			targets = (
				68BF674027F723A300A451C3 /* NewsApp */,
				68BF675627F723A400A451C3 /* NewsAppTests */,
				68BF676027F723A400A451C3 /* NewsAppUITests */,
			);
		};
/* End PBXProject section */

/* Begin PBXResourcesBuildPhase section */
		68BF673F27F723A300A451C3 /* Resources */ = {
			isa = PBXResourcesBuildPhase;
			buildActionMask = 2147483647;
			files = (
				68BF675127F723A400A451C3 /* LaunchScreen.storyboard in Resources */,
				68BF674E27F723A400A451C3 /* Assets.xcassets in Resources */,
				68BF674C27F723A300A451C3 /* Main.storyboard in Resources */,
			);
			runOnlyForDeploymentPostprocessing = 0;
		};
		68BF675527F723A400A451C3 /* Resources */ = {
			isa = PBXResourcesBuildPhase;
			buildActionMask = 2147483647;
			files = (
			);
			runOnlyForDeploymentPostprocessing = 0;
		};
		68BF675F27F723A400A451C3 /* Resources */ = {
			isa = PBXResourcesBuildPhase;
			buildActionMask = 2147483647;
			files = (
			);
			runOnlyForDeploymentPostprocessing = 0;
		};
/* End PBXResourcesBuildPhase section */

/* Begin PBXSourcesBuildPhase section */
		68BF673D27F723A300A451C3 /* Sources */ = {
			isa = PBXSourcesBuildPhase;
			buildActionMask = 2147483647;
			files = (
				68BF677527F72EFB00A451C3 /* LoginViewController.swift in Sources */,
				68BF674927F723A300A451C3 /* ViewController.swift in Sources */,
				68BF674527F723A300A451C3 /* AppDelegate.swift in Sources */,
				68BF677B27F75BAC00A451C3 /* RssViewController.swift in Sources */,
				68BF674727F723A300A451C3 /* SceneDelegate.swift in Sources */,
				68BF677727F745D500A451C3 /* SignUpViewController.swift in Sources */,
				68BF677D27F762D400A451C3 /* ListViewController.swift in Sources */,
			);
			runOnlyForDeploymentPostprocessing = 0;
		};
		68BF675327F723A400A451C3 /* Sources */ = {
			isa = PBXSourcesBuildPhase;
			buildActionMask = 2147483647;
			files = (
				68BF675C27F723A400A451C3 /* NewsAppTests.swift in Sources */,
			);
			runOnlyForDeploymentPostprocessing = 0;
		};
		68BF675D27F723A400A451C3 /* Sources */ = {
			isa = PBXSourcesBuildPhase;
			buildActionMask = 2147483647;
			files = (
				68BF676627F723A400A451C3 /* NewsAppUITests.swift in Sources */,
				68BF676827F723A400A451C3 /* NewsAppUITestsLaunchTests.swift in Sources */,
			);
			runOnlyForDeploymentPostprocessing = 0;
		};
/* End PBXSourcesBuildPhase section */

/* Begin PBXTargetDependency section */
		68BF675927F723A400A451C3 /* PBXTargetDependency */ = {
			isa = PBXTargetDependency;
			target = 68BF674027F723A300A451C3 /* NewsApp */;
			targetProxy = 68BF675827F723A400A451C3 /* PBXContainerItemProxy */;
		};
		68BF676327F723A400A451C3 /* PBXTargetDependency */ = {
			isa = PBXTargetDependency;
			target = 68BF674027F723A300A451C3 /* NewsApp */;
			targetProxy = 68BF676227F723A400A451C3 /* PBXContainerItemProxy */;
		};
/* End PBXTargetDependency section */

/* Begin PBXVariantGroup section */
		68BF674A27F723A300A451C3 /* Main.storyboard */ = {
			isa = PBXVariantGroup;
			children = (
				68BF674B27F723A300A451C3 /* Base */,
			);
			name = Main.storyboard;
			sourceTree = "<group>";
		};
		68BF674F27F723A400A451C3 /* LaunchScreen.storyboard */ = {
			isa = PBXVariantGroup;
			children = (
				68BF675027F723A400A451C3 /* Base */,
			);
			name = LaunchScreen.storyboard;
			sourceTree = "<group>";
		};
/* End PBXVariantGroup section */

/* Begin XCBuildConfiguration section */
		68BF676927F723A400A451C3 /* Debug */ = {
			isa = XCBuildConfiguration;
			buildSettings = {
				ALWAYS_SEARCH_USER_PATHS = NO;
				CLANG_ANALYZER_NONNULL = YES;
				CLANG_ANALYZER_NUMBER_OBJECT_CONVERSION = YES_AGGRESSIVE;
				CLANG_CXX_LANGUAGE_STANDARD = "gnu++17";
				CLANG_CXX_LIBRARY = "libc++";
				CLANG_ENABLE_MODULES = YES;
				CLANG_ENABLE_OBJC_ARC = YES;
				CLANG_ENABLE_OBJC_WEAK = YES;
				CLANG_WARN_BLOCK_CAPTURE_AUTORELEASING = YES;
				CLANG_WARN_BOOL_CONVERSION = YES;
				CLANG_WARN_COMMA = YES;
				CLANG_WARN_CONSTANT_CONVERSION = YES;
				CLANG_WARN_DEPRECATED_OBJC_IMPLEMENTATIONS = YES;
				CLANG_WARN_DIRECT_OBJC_ISA_USAGE = YES_ERROR;
				CLANG_WARN_DOCUMENTATION_COMMENTS = YES;
				CLANG_WARN_EMPTY_BODY = YES;
				CLANG_WARN_ENUM_CONVERSION = YES;
				CLANG_WARN_INFINITE_RECURSION = YES;
				CLANG_WARN_INT_CONVERSION = YES;
				CLANG_WARN_NON_LITERAL_NULL_CONVERSION = YES;
				CLANG_WARN_OBJC_IMPLICIT_RETAIN_SELF = YES;
				CLANG_WARN_OBJC_LITERAL_CONVERSION = YES;
				CLANG_WARN_OBJC_ROOT_CLASS = YES_ERROR;
				CLANG_WARN_QUOTED_INCLUDE_IN_FRAMEWORK_HEADER = YES;
				CLANG_WARN_RANGE_LOOP_ANALYSIS = YES;
				CLANG_WARN_STRICT_PROTOTYPES = YES;
				CLANG_WARN_SUSPICIOUS_MOVE = YES;
				CLANG_WARN_UNGUARDED_AVAILABILITY = YES_AGGRESSIVE;
				CLANG_WARN_UNREACHABLE_CODE = YES;
				CLANG_WARN__DUPLICATE_METHOD_MATCH = YES;
				COPY_PHASE_STRIP = NO;
				DEBUG_INFORMATION_FORMAT = dwarf;
				ENABLE_STRICT_OBJC_MSGSEND = YES;
				ENABLE_TESTABILITY = YES;
				GCC_C_LANGUAGE_STANDARD = gnu11;
				GCC_DYNAMIC_NO_PIC = NO;
				GCC_NO_COMMON_BLOCKS = YES;
				GCC_OPTIMIZATION_LEVEL = 0;
				GCC_PREPROCESSOR_DEFINITIONS = (
					"DEBUG=1",
					"$(inherited)",
				);
				GCC_WARN_64_TO_32_BIT_CONVERSION = YES;
				GCC_WARN_ABOUT_RETURN_TYPE = YES_ERROR;
				GCC_WARN_UNDECLARED_SELECTOR = YES;
				GCC_WARN_UNINITIALIZED_AUTOS = YES_AGGRESSIVE;
				GCC_WARN_UNUSED_FUNCTION = YES;
				GCC_WARN_UNUSED_VARIABLE = YES;
				IPHONEOS_DEPLOYMENT_TARGET = 15.2;
				MTL_ENABLE_DEBUG_INFO = INCLUDE_SOURCE;
				MTL_FAST_MATH = YES;
				ONLY_ACTIVE_ARCH = YES;
				SDKROOT = iphoneos;
				SWIFT_ACTIVE_COMPILATION_CONDITIONS = DEBUG;
				SWIFT_OPTIMIZATION_LEVEL = "-Onone";
			};
			name = Debug;
		};
		68BF676A27F723A400A451C3 /* Release */ = {
			isa = XCBuildConfiguration;
			buildSettings = {
				ALWAYS_SEARCH_USER_PATHS = NO;
				CLANG_ANALYZER_NONNULL = YES;
				CLANG_ANALYZER_NUMBER_OBJECT_CONVERSION = YES_AGGRESSIVE;
				CLANG_CXX_LANGUAGE_STANDARD = "gnu++17";
				CLANG_CXX_LIBRARY = "libc++";
				CLANG_ENABLE_MODULES = YES;
				CLANG_ENABLE_OBJC_ARC = YES;
				CLANG_ENABLE_OBJC_WEAK = YES;
				CLANG_WARN_BLOCK_CAPTURE_AUTORELEASING = YES;
				CLANG_WARN_BOOL_CONVERSION = YES;
				CLANG_WARN_COMMA = YES;
				CLANG_WARN_CONSTANT_CONVERSION = YES;
				CLANG_WARN_DEPRECATED_OBJC_IMPLEMENTATIONS = YES;
				CLANG_WARN_DIRECT_OBJC_ISA_USAGE = YES_ERROR;
				CLANG_WARN_DOCUMENTATION_COMMENTS = YES;
				CLANG_WARN_EMPTY_BODY = YES;
				CLANG_WARN_ENUM_CONVERSION = YES;
				CLANG_WARN_INFINITE_RECURSION = YES;
				CLANG_WARN_INT_CONVERSION = YES;
				CLANG_WARN_NON_LITERAL_NULL_CONVERSION = YES;
				CLANG_WARN_OBJC_IMPLICIT_RETAIN_SELF = YES;
				CLANG_WARN_OBJC_LITERAL_CONVERSION = YES;
				CLANG_WARN_OBJC_ROOT_CLASS = YES_ERROR;
				CLANG_WARN_QUOTED_INCLUDE_IN_FRAMEWORK_HEADER = YES;
				CLANG_WARN_RANGE_LOOP_ANALYSIS = YES;
				CLANG_WARN_STRICT_PROTOTYPES = YES;
				CLANG_WARN_SUSPICIOUS_MOVE = YES;
				CLANG_WARN_UNGUARDED_AVAILABILITY = YES_AGGRESSIVE;
				CLANG_WARN_UNREACHABLE_CODE = YES;
				CLANG_WARN__DUPLICATE_METHOD_MATCH = YES;
				COPY_PHASE_STRIP = NO;
				DEBUG_INFORMATION_FORMAT = "dwarf-with-dsym";
				ENABLE_NS_ASSERTIONS = NO;
				ENABLE_STRICT_OBJC_MSGSEND = YES;
				GCC_C_LANGUAGE_STANDARD = gnu11;
				GCC_NO_COMMON_BLOCKS = YES;
				GCC_WARN_64_TO_32_BIT_CONVERSION = YES;
				GCC_WARN_ABOUT_RETURN_TYPE = YES_ERROR;
				GCC_WARN_UNDECLARED_SELECTOR = YES;
				GCC_WARN_UNINITIALIZED_AUTOS = YES_AGGRESSIVE;
				GCC_WARN_UNUSED_FUNCTION = YES;
				GCC_WARN_UNUSED_VARIABLE = YES;
				IPHONEOS_DEPLOYMENT_TARGET = 15.2;
				MTL_ENABLE_DEBUG_INFO = NO;
				MTL_FAST_MATH = YES;
				SDKROOT = iphoneos;
				SWIFT_COMPILATION_MODE = wholemodule;
				SWIFT_OPTIMIZATION_LEVEL = "-O";
				VALIDATE_PRODUCT = YES;
			};
			name = Release;
		};
		68BF676C27F723A400A451C3 /* Debug */ = {
			isa = XCBuildConfiguration;
			buildSettings = {
				ASSETCATALOG_COMPILER_APPICON_NAME = AppIcon;
				ASSETCATALOG_COMPILER_GLOBAL_ACCENT_COLOR_NAME = AccentColor;
				CODE_SIGN_STYLE = Automatic;
				CURRENT_PROJECT_VERSION = 1;
				DEVELOPMENT_TEAM = 2FZRK6M67D;
				GENERATE_INFOPLIST_FILE = YES;
				INFOPLIST_FILE = NewsApp/Info.plist;
				INFOPLIST_KEY_UIApplicationSupportsIndirectInputEvents = YES;
				INFOPLIST_KEY_UILaunchStoryboardName = LaunchScreen;
				INFOPLIST_KEY_UIMainStoryboardFile = Main;
				INFOPLIST_KEY_UISupportedInterfaceOrientations_iPad = "UIInterfaceOrientationPortrait UIInterfaceOrientationPortraitUpsideDown UIInterfaceOrientationLandscapeLeft UIInterfaceOrientationLandscapeRight";
				INFOPLIST_KEY_UISupportedInterfaceOrientations_iPhone = "UIInterfaceOrientationPortrait UIInterfaceOrientationLandscapeLeft UIInterfaceOrientationLandscapeRight";
				LD_RUNPATH_SEARCH_PATHS = (
					"$(inherited)",
					"@executable_path/Frameworks",
				);
				MARKETING_VERSION = 1.0;
				PRODUCT_BUNDLE_IDENTIFIER = takata1124.NewsApp;
				PRODUCT_NAME = "$(TARGET_NAME)";
				SWIFT_EMIT_LOC_STRINGS = YES;
				SWIFT_VERSION = 5.0;
				TARGETED_DEVICE_FAMILY = "1,2";
			};
			name = Debug;
		};
		68BF676D27F723A400A451C3 /* Release */ = {
			isa = XCBuildConfiguration;
			buildSettings = {
				ASSETCATALOG_COMPILER_APPICON_NAME = AppIcon;
				ASSETCATALOG_COMPILER_GLOBAL_ACCENT_COLOR_NAME = AccentColor;
				CODE_SIGN_STYLE = Automatic;
				CURRENT_PROJECT_VERSION = 1;
				DEVELOPMENT_TEAM = 2FZRK6M67D;
				GENERATE_INFOPLIST_FILE = YES;
				INFOPLIST_FILE = NewsApp/Info.plist;
				INFOPLIST_KEY_UIApplicationSupportsIndirectInputEvents = YES;
				INFOPLIST_KEY_UILaunchStoryboardName = LaunchScreen;
				INFOPLIST_KEY_UIMainStoryboardFile = Main;
				INFOPLIST_KEY_UISupportedInterfaceOrientations_iPad = "UIInterfaceOrientationPortrait UIInterfaceOrientationPortraitUpsideDown UIInterfaceOrientationLandscapeLeft UIInterfaceOrientationLandscapeRight";
				INFOPLIST_KEY_UISupportedInterfaceOrientations_iPhone = "UIInterfaceOrientationPortrait UIInterfaceOrientationLandscapeLeft UIInterfaceOrientationLandscapeRight";
				LD_RUNPATH_SEARCH_PATHS = (
					"$(inherited)",
					"@executable_path/Frameworks",
				);
				MARKETING_VERSION = 1.0;
				PRODUCT_BUNDLE_IDENTIFIER = takata1124.NewsApp;
				PRODUCT_NAME = "$(TARGET_NAME)";
				SWIFT_EMIT_LOC_STRINGS = YES;
				SWIFT_VERSION = 5.0;
				TARGETED_DEVICE_FAMILY = "1,2";
			};
			name = Release;
		};
		68BF676F27F723A400A451C3 /* Debug */ = {
			isa = XCBuildConfiguration;
			buildSettings = {
				ALWAYS_EMBED_SWIFT_STANDARD_LIBRARIES = YES;
				BUNDLE_LOADER = "$(TEST_HOST)";
				CODE_SIGN_STYLE = Automatic;
				CURRENT_PROJECT_VERSION = 1;
				DEVELOPMENT_TEAM = 2FZRK6M67D;
				GENERATE_INFOPLIST_FILE = YES;
				IPHONEOS_DEPLOYMENT_TARGET = 15.2;
				MARKETING_VERSION = 1.0;
				PRODUCT_BUNDLE_IDENTIFIER = takata1124.NewsAppTests;
				PRODUCT_NAME = "$(TARGET_NAME)";
				SWIFT_EMIT_LOC_STRINGS = NO;
				SWIFT_VERSION = 5.0;
				TARGETED_DEVICE_FAMILY = "1,2";
				TEST_HOST = "$(BUILT_PRODUCTS_DIR)/NewsApp.app/NewsApp";
			};
			name = Debug;
		};
		68BF677027F723A400A451C3 /* Release */ = {
			isa = XCBuildConfiguration;
			buildSettings = {
				ALWAYS_EMBED_SWIFT_STANDARD_LIBRARIES = YES;
				BUNDLE_LOADER = "$(TEST_HOST)";
				CODE_SIGN_STYLE = Automatic;
				CURRENT_PROJECT_VERSION = 1;
				DEVELOPMENT_TEAM = 2FZRK6M67D;
				GENERATE_INFOPLIST_FILE = YES;
				IPHONEOS_DEPLOYMENT_TARGET = 15.2;
				MARKETING_VERSION = 1.0;
				PRODUCT_BUNDLE_IDENTIFIER = takata1124.NewsAppTests;
				PRODUCT_NAME = "$(TARGET_NAME)";
				SWIFT_EMIT_LOC_STRINGS = NO;
				SWIFT_VERSION = 5.0;
				TARGETED_DEVICE_FAMILY = "1,2";
				TEST_HOST = "$(BUILT_PRODUCTS_DIR)/NewsApp.app/NewsApp";
			};
			name = Release;
		};
		68BF677227F723A400A451C3 /* Debug */ = {
			isa = XCBuildConfiguration;
			buildSettings = {
				ALWAYS_EMBED_SWIFT_STANDARD_LIBRARIES = YES;
				CODE_SIGN_STYLE = Automatic;
				CURRENT_PROJECT_VERSION = 1;
				DEVELOPMENT_TEAM = 2FZRK6M67D;
				GENERATE_INFOPLIST_FILE = YES;
				MARKETING_VERSION = 1.0;
				PRODUCT_BUNDLE_IDENTIFIER = takata1124.NewsAppUITests;
				PRODUCT_NAME = "$(TARGET_NAME)";
				SWIFT_EMIT_LOC_STRINGS = NO;
				SWIFT_VERSION = 5.0;
				TARGETED_DEVICE_FAMILY = "1,2";
				TEST_TARGET_NAME = NewsApp;
			};
			name = Debug;
		};
		68BF677327F723A400A451C3 /* Release */ = {
			isa = XCBuildConfiguration;
			buildSettings = {
				ALWAYS_EMBED_SWIFT_STANDARD_LIBRARIES = YES;
				CODE_SIGN_STYLE = Automatic;
				CURRENT_PROJECT_VERSION = 1;
				DEVELOPMENT_TEAM = 2FZRK6M67D;
				GENERATE_INFOPLIST_FILE = YES;
				MARKETING_VERSION = 1.0;
				PRODUCT_BUNDLE_IDENTIFIER = takata1124.NewsAppUITests;
				PRODUCT_NAME = "$(TARGET_NAME)";
				SWIFT_EMIT_LOC_STRINGS = NO;
				SWIFT_VERSION = 5.0;
				TARGETED_DEVICE_FAMILY = "1,2";
				TEST_TARGET_NAME = NewsApp;
			};
			name = Release;
		};
/* End XCBuildConfiguration section */

/* Begin XCConfigurationList section */
		68BF673C27F723A300A451C3 /* Build configuration list for PBXProject "NewsApp" */ = {
			isa = XCConfigurationList;
			buildConfigurations = (
				68BF676927F723A400A451C3 /* Debug */,
				68BF676A27F723A400A451C3 /* Release */,
			);
			defaultConfigurationIsVisible = 0;
			defaultConfigurationName = Release;
		};
		68BF676B27F723A400A451C3 /* Build configuration list for PBXNativeTarget "NewsApp" */ = {
			isa = XCConfigurationList;
			buildConfigurations = (
				68BF676C27F723A400A451C3 /* Debug */,
				68BF676D27F723A400A451C3 /* Release */,
			);
			defaultConfigurationIsVisible = 0;
			defaultConfigurationName = Release;
		};
		68BF676E27F723A400A451C3 /* Build configuration list for PBXNativeTarget "NewsAppTests" */ = {
			isa = XCConfigurationList;
			buildConfigurations = (
				68BF676F27F723A400A451C3 /* Debug */,
				68BF677027F723A400A451C3 /* Release */,
			);
			defaultConfigurationIsVisible = 0;
			defaultConfigurationName = Release;
		};
		68BF677127F723A400A451C3 /* Build configuration list for PBXNativeTarget "NewsAppUITests" */ = {
			isa = XCConfigurationList;
			buildConfigurations = (
				68BF677227F723A400A451C3 /* Debug */,
				68BF677327F723A400A451C3 /* Release */,
			);
			defaultConfigurationIsVisible = 0;
			defaultConfigurationName = Release;
		};
/* End XCConfigurationList section */
	};
	rootObject = 68BF673927F723A300A451C3 /* Project object */;
}
